{
  "name": "diff",
  "version": "1.0.0",
  "lockfileVersion": 2,
  "requires": true,
  "packages": {
    "": {
      "version": "1.0.0",
      "license": "ISC",
      "devDependencies": {
        "esbuild": "^0.12.20"
      }
    },
    "node_modules/esbuild": {
      "version": "0.12.20",
      "resolved": "https://registry.npmjs.org/esbuild/-/esbuild-0.12.20.tgz",
      "integrity": "sha512-u7+0qTo9Z64MD9PhooEngCmzyEYJ6ovFhPp8PLNh3UasR5Ihjv6HWVXqm8uHmasdQlpsAf0IsY4U0YVUfCpt4Q==",
      "dev": true,
      "hasInstallScript": true,
      "bin": {
        "esbuild": "bin/esbuild"
      }
    }
  },
  "dependencies": {
    "esbuild": {
      "version": "0.12.20",
      "resolved": "https://registry.npmjs.org/esbuild/-/esbuild-0.12.20.tgz",
      "integrity": "sha512-u7+0qTo9Z64MD9PhooEngCmzyEYJ6ovFhPp8PLNh3UasR5Ihjv6HWVXqm8uHmasdQlpsAf0IsY4U0YVUfCpt4Q==",
      "dev": true
    }
  }
}
